
Microsoft Visual Studio Solution File, Format Version 12.00
# Visual Studio Version 17
VisualStudioVersion = 17.4.33122.133
MinimumVisualStudioVersion = 10.0.40219.1
Project("{FAE04EC0-301F-11D3-BF4B-00C04F79EFBC}") = "latihanCustomListFlyoutPanel", "latihanCustomListFlyoutPanel.csproj", "{98C618B3-2E58-4901-8D69-EFDACB203742}"
EndProject
Global
	GlobalSection(SolutionConfigurationPlatforms) = preSolution
		Debug|Any CPU = Debug|Any CPU
		Release|Any CPU = Release|Any CPU
	EndGlobalSection
	GlobalSection(ProjectConfigurationPlatforms) = postSolution
		{98C618B3-2E58-4901-8D69-EFDACB203742}.Debug|Any CPU.ActiveCfg = Debug|Any CPU
		{98C618B3-2E58-4901-8D69-EFDACB203742}.Debug|Any CPU.Build.0 = Debug|Any CPU
		{98C618B3-2E58-4901-8D69-EFDACB203742}.Release|Any CPU.ActiveCfg = Release|Any CPU
		{98C618B3-2E58-4901-8D69-EFDACB203742}.Release|Any CPU.Build.0 = Release|Any CPU
	EndGlobalSection
	GlobalSection(SolutionProperties) = preSolution
		HideSolutionNode = FALSE
	EndGlobalSection
	GlobalSection(ExtensibilityGlobals) = postSolution
		SolutionGuid = {9CA4C162-1355-408C-A66F-72584FAF3D5A}
	EndGlobalSection
EndGlobal
